{
	"name": "@aistrifish/hooks",
	"version": "0.0.8",
	"lockfileVersion": 2,
	"requires": true,
	"packages": {
		"": {
			"name": "@aistrifish/hooks",
			"version": "0.0.2",
			"license": "ISC",
			"dependencies": {
				"react": "16.8.0",
				"webpack-merge": "^5.8.0"
			},
			"peerDependencies": {
				"react": "^16.8.0 || ^17.0.0",
				"react-router": "^5.0.0 || ^6.0.0"
			}
		},
		"node_modules/@babel/runtime": {
			"version": "7.16.7",
			"resolved": "https://registry.npmmirror.com/@babel/runtime/download/@babel/runtime-7.16.7.tgz",
			"integrity": "sha512-9E9FJowqAsytyOY6LG+1KuueckRL+aQW+mKvXRXnuFGyRAyepJPmEo9vgMfXUA6O9u3IeEdv9MAkppFcaQwogQ==",
			"license": "MIT",
			"peer": true,
			"dependencies": {
				"regenerator-runtime": "^0.13.4"
			},
			"engines": {
				"node": ">=6.9.0"
			}
		},
		"node_modules/clone-deep": {
			"version": "4.0.1",
			"resolved": "https://registry.npmmirror.com/clone-deep/download/clone-deep-4.0.1.tgz",
			"integrity": "sha1-wZ/Zvbv4WUK0/ZechNz31fB8I4c=",
			"license": "MIT",
			"dependencies": {
				"is-plain-object": "^2.0.4",
				"kind-of": "^6.0.2",
				"shallow-clone": "^3.0.0"
			},
			"engines": {
				"node": ">=6"
			}
		},
		"node_modules/history": {
			"version": "5.2.0",
			"resolved": "https://registry.npmmirror.com/history/download/history-5.2.0.tgz",
			"integrity": "sha512-uPSF6lAJb3nSePJ43hN3eKj1dTWpN9gMod0ZssbFTIsen+WehTmEadgL+kg78xLJFdRfrrC//SavDzmRVdE+Ig==",
			"license": "MIT",
			"peer": true,
			"dependencies": {
				"@babel/runtime": "^7.7.6"
			}
		},
		"node_modules/is-plain-object": {
			"version": "2.0.4",
			"resolved": "https://registry.npmmirror.com/is-plain-object/download/is-plain-object-2.0.4.tgz",
			"integrity": "sha1-LBY7P6+xtgbZ0Xko8FwqHDjgdnc=",
			"license": "MIT",
			"dependencies": {
				"isobject": "^3.0.1"
			},
			"engines": {
				"node": ">=0.10.0"
			}
		},
		"node_modules/isobject": {
			"version": "3.0.1",
			"resolved": "https://registry.npmmirror.com/isobject/download/isobject-3.0.1.tgz",
			"integrity": "sha512-WhB9zCku7EGTj/HQQRz5aUQEUeoQZH2bWcltRErOpymJ4boYE6wL9Tbr23krRPSZ+C5zqNSrSw+Cc7sZZ4b7vg==",
			"license": "MIT",
			"engines": {
				"node": ">=0.10.0"
			}
		},
		"node_modules/js-tokens": {
			"version": "4.0.0",
			"resolved": "https://registry.npmmirror.com/js-tokens/download/js-tokens-4.0.0.tgz",
			"integrity": "sha1-GSA/tZmR35jjoocFDUZHzerzJJk=",
			"license": "MIT",
			"peer": true
		},
		"node_modules/kind-of": {
			"version": "6.0.3",
			"resolved": "https://registry.npmmirror.com/kind-of/download/kind-of-6.0.3.tgz",
			"integrity": "sha1-B8BQNKbDSfoG4k+jWqdttFgM5N0=",
			"license": "MIT",
			"engines": {
				"node": ">=0.10.0"
			}
		},
		"node_modules/loose-envify": {
			"version": "1.4.0",
			"resolved": "https://registry.npmmirror.com/loose-envify/download/loose-envify-1.4.0.tgz",
			"integrity": "sha1-ce5R+nvkyuwaY4OffmgtgTLTDK8=",
			"license": "MIT",
			"peer": true,
			"dependencies": {
				"js-tokens": "^3.0.0 || ^4.0.0"
			},
			"bin": {
				"loose-envify": "cli.js"
			}
		},
		"node_modules/object-assign": {
			"version": "4.1.1",
			"resolved": "https://registry.npmmirror.com/object-assign/download/object-assign-4.1.1.tgz",
			"integrity": "sha1-IQmtx5ZYh8/AXLvUQsrIv7s2CGM=",
			"license": "MIT",
			"peer": true,
			"engines": {
				"node": ">=0.10.0"
			}
		},
		"node_modules/react": {
			"version": "17.0.2",
			"resolved": "https://registry.npmmirror.com/react/download/react-17.0.2.tgz",
			"integrity": "sha512-gnhPt75i/dq/z3/6q/0asP78D0u592D5L1pd7M8P+dck6Fu/jJeL6iVVK23fptSUZj8Vjf++7wXA8UNclGQcbA==",
			"license": "MIT",
			"peer": true,
			"dependencies": {
				"loose-envify": "^1.1.0",
				"object-assign": "^4.1.1"
			},
			"engines": {
				"node": ">=0.10.0"
			}
		},
		"node_modules/react-router": {
			"version": "6.2.1",
			"resolved": "https://registry.npmmirror.com/react-router/download/react-router-6.2.1.tgz",
			"integrity": "sha512-2fG0udBtxou9lXtK97eJeET2ki5//UWfQSl1rlJ7quwe6jrktK9FCCc8dQb5QY6jAv3jua8bBQRhhDOM/kVRsg==",
			"license": "MIT",
			"peer": true,
			"dependencies": {
				"history": "^5.2.0"
			}
		},
		"node_modules/regenerator-runtime": {
			"version": "0.13.9",
			"resolved": "https://registry.npmmirror.com/regenerator-runtime/download/regenerator-runtime-0.13.9.tgz",
			"integrity": "sha512-p3VT+cOEgxFsRRA9X4lkI1E+k2/CtnKtU4gcxyaCUreilL/vqI6CdZ3wxVUx3UOUg+gnUOQQcRI7BmSI656MYA==",
			"license": "MIT",
			"peer": true
		},
		"node_modules/shallow-clone": {
			"version": "3.0.1",
			"resolved": "https://registry.npmmirror.com/shallow-clone/download/shallow-clone-3.0.1.tgz",
			"integrity": "sha1-jymBrZJTH1UDWwH7IwdppA4C76M=",
			"license": "MIT",
			"dependencies": {
				"kind-of": "^6.0.2"
			},
			"engines": {
				"node": ">=8"
			}
		},
		"node_modules/webpack-merge": {
			"version": "5.8.0",
			"resolved": "https://registry.npmmirror.com/webpack-merge/download/webpack-merge-5.8.0.tgz",
			"integrity": "sha1-Kznb8ir4d3atdEw5AiNzHTCmj2E=",
			"license": "MIT",
			"dependencies": {
				"clone-deep": "^4.0.1",
				"wildcard": "^2.0.0"
			},
			"engines": {
				"node": ">=10.0.0"
			}
		},
		"node_modules/wildcard": {
			"version": "2.0.0",
			"resolved": "https://registry.nlark.com/wildcard/download/wildcard-2.0.0.tgz",
			"integrity": "sha1-p30g5SAMb6qsl55LOq3Hs91/j+w=",
			"license": "MIT"
		}
	},
	"dependencies": {
		"@babel/runtime": {
			"version": "7.16.7",
			"resolved": "https://registry.npmmirror.com/@babel/runtime/download/@babel/runtime-7.16.7.tgz",
			"integrity": "sha512-9E9FJowqAsytyOY6LG+1KuueckRL+aQW+mKvXRXnuFGyRAyepJPmEo9vgMfXUA6O9u3IeEdv9MAkppFcaQwogQ==",
			"peer": true,
			"requires": {
				"regenerator-runtime": "^0.13.4"
			}
		},
		"clone-deep": {
			"version": "4.0.1",
			"resolved": "https://registry.npmmirror.com/clone-deep/download/clone-deep-4.0.1.tgz",
			"integrity": "sha1-wZ/Zvbv4WUK0/ZechNz31fB8I4c=",
			"requires": {
				"is-plain-object": "^2.0.4",
				"kind-of": "^6.0.2",
				"shallow-clone": "^3.0.0"
			}
		},
		"history": {
			"version": "5.2.0",
			"resolved": "https://registry.npmmirror.com/history/download/history-5.2.0.tgz",
			"integrity": "sha512-uPSF6lAJb3nSePJ43hN3eKj1dTWpN9gMod0ZssbFTIsen+WehTmEadgL+kg78xLJFdRfrrC//SavDzmRVdE+Ig==",
			"peer": true,
			"requires": {
				"@babel/runtime": "^7.7.6"
			}
		},
		"is-plain-object": {
			"version": "2.0.4",
			"resolved": "https://registry.npmmirror.com/is-plain-object/download/is-plain-object-2.0.4.tgz",
			"integrity": "sha1-LBY7P6+xtgbZ0Xko8FwqHDjgdnc=",
			"requires": {
				"isobject": "^3.0.1"
			}
		},
		"isobject": {
			"version": "3.0.1",
			"resolved": "https://registry.npmmirror.com/isobject/download/isobject-3.0.1.tgz",
			"integrity": "sha512-WhB9zCku7EGTj/HQQRz5aUQEUeoQZH2bWcltRErOpymJ4boYE6wL9Tbr23krRPSZ+C5zqNSrSw+Cc7sZZ4b7vg=="
		},
		"js-tokens": {
			"version": "4.0.0",
			"resolved": "https://registry.npmmirror.com/js-tokens/download/js-tokens-4.0.0.tgz",
			"integrity": "sha1-GSA/tZmR35jjoocFDUZHzerzJJk=",
			"peer": true
		},
		"kind-of": {
			"version": "6.0.3",
			"resolved": "https://registry.npmmirror.com/kind-of/download/kind-of-6.0.3.tgz",
			"integrity": "sha1-B8BQNKbDSfoG4k+jWqdttFgM5N0="
		},
		"loose-envify": {
			"version": "1.4.0",
			"resolved": "https://registry.npmmirror.com/loose-envify/download/loose-envify-1.4.0.tgz",
			"integrity": "sha1-ce5R+nvkyuwaY4OffmgtgTLTDK8=",
			"peer": true,
			"requires": {
				"js-tokens": "^3.0.0 || ^4.0.0"
			}
		},
		"object-assign": {
			"version": "4.1.1",
			"resolved": "https://registry.npmmirror.com/object-assign/download/object-assign-4.1.1.tgz",
			"integrity": "sha1-IQmtx5ZYh8/AXLvUQsrIv7s2CGM=",
			"peer": true
		},
		"react": {
			"version": "17.0.2",
			"resolved": "https://registry.npmmirror.com/react/download/react-17.0.2.tgz",
			"integrity": "sha512-gnhPt75i/dq/z3/6q/0asP78D0u592D5L1pd7M8P+dck6Fu/jJeL6iVVK23fptSUZj8Vjf++7wXA8UNclGQcbA==",
			"peer": true,
			"requires": {
				"loose-envify": "^1.1.0",
				"object-assign": "^4.1.1"
			}
		},
		"react-router": {
			"version": "6.2.1",
			"resolved": "https://registry.npmmirror.com/react-router/download/react-router-6.2.1.tgz",
			"integrity": "sha512-2fG0udBtxou9lXtK97eJeET2ki5//UWfQSl1rlJ7quwe6jrktK9FCCc8dQb5QY6jAv3jua8bBQRhhDOM/kVRsg==",
			"peer": true,
			"requires": {
				"history": "^5.2.0"
			}
		},
		"regenerator-runtime": {
			"version": "0.13.9",
			"resolved": "https://registry.npmmirror.com/regenerator-runtime/download/regenerator-runtime-0.13.9.tgz",
			"integrity": "sha512-p3VT+cOEgxFsRRA9X4lkI1E+k2/CtnKtU4gcxyaCUreilL/vqI6CdZ3wxVUx3UOUg+gnUOQQcRI7BmSI656MYA==",
			"peer": true
		},
		"shallow-clone": {
			"version": "3.0.1",
			"resolved": "https://registry.npmmirror.com/shallow-clone/download/shallow-clone-3.0.1.tgz",
			"integrity": "sha1-jymBrZJTH1UDWwH7IwdppA4C76M=",
			"requires": {
				"kind-of": "^6.0.2"
			}
		},
		"webpack-merge": {
			"version": "5.8.0",
			"resolved": "https://registry.npmmirror.com/webpack-merge/download/webpack-merge-5.8.0.tgz",
			"integrity": "sha1-Kznb8ir4d3atdEw5AiNzHTCmj2E=",
			"requires": {
				"clone-deep": "^4.0.1",
				"wildcard": "^2.0.0"
			}
		},
		"wildcard": {
			"version": "2.0.0",
			"resolved": "https://registry.nlark.com/wildcard/download/wildcard-2.0.0.tgz",
			"integrity": "sha1-p30g5SAMb6qsl55LOq3Hs91/j+w="
		}
	}
}
